
Microsoft Visual Studio Solution File, Format Version 12.00
# Visual Studio Version 16
VisualStudioVersion = 16.0.31424.327
MinimumVisualStudioVersion = 10.0.40219.1
Project("{FAE04EC0-301F-11D3-BF4B-00C04F79EFBC}") = "ExceptionsApp", "ExceptionsApp\ExceptionsApp.csproj", "{B9FF5FCB-9130-4867-BDBA-980D9DE704E5}"
EndProject
Global
	GlobalSection(SolutionConfigurationPlatforms) = preSolution
		Debug|Any CPU = Debug|Any CPU
		Release|Any CPU = Release|Any CPU
	EndGlobalSection
	GlobalSection(ProjectConfigurationPlatforms) = postSolution
		{B9FF5FCB-9130-4867-BDBA-980D9DE704E5}.Debug|Any CPU.ActiveCfg = Debug|Any CPU
		{B9FF5FCB-9130-4867-BDBA-980D9DE704E5}.Debug|Any CPU.Build.0 = Debug|Any CPU
		{B9FF5FCB-9130-4867-BDBA-980D9DE704E5}.Release|Any CPU.ActiveCfg = Release|Any CPU
		{B9FF5FCB-9130-4867-BDBA-980D9DE704E5}.Release|Any CPU.Build.0 = Release|Any CPU
	EndGlobalSection
	GlobalSection(SolutionProperties) = preSolution
		HideSolutionNode = FALSE
	EndGlobalSection
	GlobalSection(ExtensibilityGlobals) = postSolution
		SolutionGuid = {FFB696CA-3FCF-4148-A019-936A7CCDE286}
	EndGlobalSection
EndGlobal
